// !$*UTF8*$!
{
	archiveVersion = 1;
	classes = {
	};
	objectVersion = 50;
	objects = {

/* Begin PBXBuildFile section */
		666BA970229C5CC2000B27C8 /* PlayerNodeComponent.swift in Sources */ = {isa = PBXBuildFile; fileRef = 666BA96F229C5CC2000B27C8 /* PlayerNodeComponent.swift */; };
		666BA973229C7C8D000B27C8 /* AnimationsStructs.swift in Sources */ = {isa = PBXBuildFile; fileRef = 666BA972229C7C8D000B27C8 /* AnimationsStructs.swift */; };
		666BA975229C7DF0000B27C8 /* AnimationsTextures.swift in Sources */ = {isa = PBXBuildFile; fileRef = 666BA974229C7DF0000B27C8 /* AnimationsTextures.swift */; };
		666BA977229C8185000B27C8 /* MaracujaEntity.swift in Sources */ = {isa = PBXBuildFile; fileRef = 666BA976229C8185000B27C8 /* MaracujaEntity.swift */; };
		666BA97A229C82C5000B27C8 /* MaracujaPhysicsBodyComponent.swift in Sources */ = {isa = PBXBuildFile; fileRef = 666BA979229C82C5000B27C8 /* MaracujaPhysicsBodyComponent.swift */; };
		666BA97C229E1C33000B27C8 /* ObstacleComeBackComponent.swift in Sources */ = {isa = PBXBuildFile; fileRef = 666BA97B229E1C33000B27C8 /* ObstacleComeBackComponent.swift */; };
		66C63BAD2294656700CCEE3A /* MachinePlayer.swift in Sources */ = {isa = PBXBuildFile; fileRef = 66C63BAC2294656700CCEE3A /* MachinePlayer.swift */; };
		66C63BB02294681000CCEE3A /* StateIdle.swift in Sources */ = {isa = PBXBuildFile; fileRef = 66C63BAF2294681000CCEE3A /* StateIdle.swift */; };
		66C63BB22294693900CCEE3A /* StateRunning.swift in Sources */ = {isa = PBXBuildFile; fileRef = 66C63BB12294693900CCEE3A /* StateRunning.swift */; };
		66C63BB42294695D00CCEE3A /* StateJumping.swift in Sources */ = {isa = PBXBuildFile; fileRef = 66C63BB32294695D00CCEE3A /* StateJumping.swift */; };
		66C63BB62294698300CCEE3A /* StateFalling.swift in Sources */ = {isa = PBXBuildFile; fileRef = 66C63BB52294698300CCEE3A /* StateFalling.swift */; };
		66C63BB8229469B000CCEE3A /* StateLanding.swift in Sources */ = {isa = PBXBuildFile; fileRef = 66C63BB7229469B000CCEE3A /* StateLanding.swift */; };
		66C63BBA22946A0A00CCEE3A /* StateUnconscious.swift in Sources */ = {isa = PBXBuildFile; fileRef = 66C63BB922946A0A00CCEE3A /* StateUnconscious.swift */; };
		66C63BBC22946F2100CCEE3A /* JumpingComponent.swift in Sources */ = {isa = PBXBuildFile; fileRef = 66C63BBB22946F2100CCEE3A /* JumpingComponent.swift */; };
		66C63BC222948C1000CCEE3A /* MachineScene.swift in Sources */ = {isa = PBXBuildFile; fileRef = 66C63BC122948C1000CCEE3A /* MachineScene.swift */; };
		66C63BC422948CEB00CCEE3A /* StatePaused.swift in Sources */ = {isa = PBXBuildFile; fileRef = 66C63BC322948CEB00CCEE3A /* StatePaused.swift */; };
		66C63BC622948D1900CCEE3A /* StateUnPaused.swift in Sources */ = {isa = PBXBuildFile; fileRef = 66C63BC522948D1900CCEE3A /* StateUnPaused.swift */; };
		66C63BC8229491E900CCEE3A /* Cena.swift in Sources */ = {isa = PBXBuildFile; fileRef = 66C63BC7229491E900CCEE3A /* Cena.swift */; };
		66C63BCA22949B4600CCEE3A /* CameraComponent.swift in Sources */ = {isa = PBXBuildFile; fileRef = 66C63BC922949B4600CCEE3A /* CameraComponent.swift */; };
		66C63BCC2295BDE300CCEE3A /* PauseComponent.swift in Sources */ = {isa = PBXBuildFile; fileRef = 66C63BCB2295BDE300CCEE3A /* PauseComponent.swift */; };
		66C63BCE2295E35900CCEE3A /* WoodPhysicsBodyComponent.swift in Sources */ = {isa = PBXBuildFile; fileRef = 66C63BCD2295E35900CCEE3A /* WoodPhysicsBodyComponent.swift */; };
		66C63BD02295E7A100CCEE3A /* WaterEntity.swift in Sources */ = {isa = PBXBuildFile; fileRef = 66C63BCF2295E7A100CCEE3A /* WaterEntity.swift */; };
		66C63BD22295EB6A00CCEE3A /* WaterNodeComponent.swift in Sources */ = {isa = PBXBuildFile; fileRef = 66C63BD12295EB6A00CCEE3A /* WaterNodeComponent.swift */; };
		66C63BD42295ECE100CCEE3A /* WaterNode.swift in Sources */ = {isa = PBXBuildFile; fileRef = 66C63BD32295ECE100CCEE3A /* WaterNode.swift */; };
		66C63BD62295EDE100CCEE3A /* WaterPhysicsBodyComponent.swift in Sources */ = {isa = PBXBuildFile; fileRef = 66C63BD52295EDE100CCEE3A /* WaterPhysicsBodyComponent.swift */; };
		66C63BD822970F1900CCEE3A /* SceneMachineComponent.swift in Sources */ = {isa = PBXBuildFile; fileRef = 66C63BD722970F1900CCEE3A /* SceneMachineComponent.swift */; };
		66C63BDA229731EA00CCEE3A /* PlayerStateMachineComponent.swift in Sources */ = {isa = PBXBuildFile; fileRef = 66C63BD9229731EA00CCEE3A /* PlayerStateMachineComponent.swift */; };
		8405E3C5229F762900DB50A6 /* InvisibleChoiceNode.swift in Sources */ = {isa = PBXBuildFile; fileRef = 8405E3C4229F762900DB50A6 /* InvisibleChoiceNode.swift */; };
		8405E3CA229F7A8A00DB50A6 /* InvisibleChoiceComponent.swift in Sources */ = {isa = PBXBuildFile; fileRef = 8405E3C9229F7A8A00DB50A6 /* InvisibleChoiceComponent.swift */; };
		8405E3CC229F7AF400DB50A6 /* InvisibleChoicePhysicsBody.swift in Sources */ = {isa = PBXBuildFile; fileRef = 8405E3CB229F7AF400DB50A6 /* InvisibleChoicePhysicsBody.swift */; };
		8405E3CF22A080DE00DB50A6 /* StoneEntity.swift in Sources */ = {isa = PBXBuildFile; fileRef = 8405E3CE22A080DE00DB50A6 /* StoneEntity.swift */; };
		8410A2F222946FD600F73DC0 /* IdleComponent.swift in Sources */ = {isa = PBXBuildFile; fileRef = 8410A2F122946FD600F73DC0 /* IdleComponent.swift */; };
		8410A2F422947C7A00F73DC0 /* RunComponent.swift in Sources */ = {isa = PBXBuildFile; fileRef = 8410A2F322947C7A00F73DC0 /* RunComponent.swift */; };
		84124730229F05A000052953 /* ChoiceButtonNode.swift in Sources */ = {isa = PBXBuildFile; fileRef = 8412472F229F05A000052953 /* ChoiceButtonNode.swift */; };
		84124734229F12E800052953 /* ChoicesControl.swift in Sources */ = {isa = PBXBuildFile; fileRef = 84124733229F12E800052953 /* ChoicesControl.swift */; };
		846A9331229C5DB400A31D1F /* BackgroundNode.swift in Sources */ = {isa = PBXBuildFile; fileRef = 846A9330229C5DB400A31D1F /* BackgroundNode.swift */; };
		846A9333229C5FBC00A31D1F /* BackgroundEntity.swift in Sources */ = {isa = PBXBuildFile; fileRef = 846A9332229C5FBC00A31D1F /* BackgroundEntity.swift */; };
		84AC276C2295BB0D00D3A6C2 /* FloorNode.swift in Sources */ = {isa = PBXBuildFile; fileRef = 84AC276B2295BB0D00D3A6C2 /* FloorNode.swift */; };
		84AC27702295C23F00D3A6C2 /* FloorComponent.swift in Sources */ = {isa = PBXBuildFile; fileRef = 84AC276F2295C23F00D3A6C2 /* FloorComponent.swift */; };
		84AC27732296F43F00D3A6C2 /* FloorEntity.swift in Sources */ = {isa = PBXBuildFile; fileRef = 84AC27722296F43F00D3A6C2 /* FloorEntity.swift */; };
		84AC27992297406A00D3A6C2 /* SizeNode.swift in Sources */ = {isa = PBXBuildFile; fileRef = 84AC27982297406A00D3A6C2 /* SizeNode.swift */; };
		84AC279B2297408500D3A6C2 /* InitialPositionNode.swift in Sources */ = {isa = PBXBuildFile; fileRef = 84AC279A2297408500D3A6C2 /* InitialPositionNode.swift */; };
		84B058142294350200B7E9A0 /* Debug.swift in Sources */ = {isa = PBXBuildFile; fileRef = 84B058132294350200B7E9A0 /* Debug.swift */; };
		84B058172294377800B7E9A0 /* PlayerNode.swift in Sources */ = {isa = PBXBuildFile; fileRef = 84B058162294377800B7E9A0 /* PlayerNode.swift */; };
		84B0581D22943F2A00B7E9A0 /* Player.swift in Sources */ = {isa = PBXBuildFile; fileRef = 84B0581C22943F2A00B7E9A0 /* Player.swift */; };
		84B0581F2294414300B7E9A0 /* EntityManager.swift in Sources */ = {isa = PBXBuildFile; fileRef = 84B0581E2294414300B7E9A0 /* EntityManager.swift */; };
		84B058222294460500B7E9A0 /* ComponentsWithNodes.swift in Sources */ = {isa = PBXBuildFile; fileRef = 84B058212294460500B7E9A0 /* ComponentsWithNodes.swift */; };
		84B058242294486700B7E9A0 /* GKSKNodeComponent+ComponentsWithNodes.swift in Sources */ = {isa = PBXBuildFile; fileRef = 84B058232294486700B7E9A0 /* GKSKNodeComponent+ComponentsWithNodes.swift */; };
		84B05826229460E400B7E9A0 /* PhysicsBodyComponent.swift in Sources */ = {isa = PBXBuildFile; fileRef = 84B05825229460E400B7E9A0 /* PhysicsBodyComponent.swift */; };
		84B058292294673B00B7E9A0 /* CGSize+ops.swift in Sources */ = {isa = PBXBuildFile; fileRef = 84B058282294673B00B7E9A0 /* CGSize+ops.swift */; };
		84D371332294309700922D4B /* AppDelegate.swift in Sources */ = {isa = PBXBuildFile; fileRef = 84D371322294309700922D4B /* AppDelegate.swift */; };
		84D371352294309700922D4B /* GameScene.sks in Resources */ = {isa = PBXBuildFile; fileRef = 84D371342294309700922D4B /* GameScene.sks */; };
		84D371372294309700922D4B /* Actions.sks in Resources */ = {isa = PBXBuildFile; fileRef = 84D371362294309700922D4B /* Actions.sks */; };
		84D371392294309700922D4B /* GameScene.swift in Sources */ = {isa = PBXBuildFile; fileRef = 84D371382294309700922D4B /* GameScene.swift */; };
		84D3713B2294309700922D4B /* GameViewController.swift in Sources */ = {isa = PBXBuildFile; fileRef = 84D3713A2294309700922D4B /* GameViewController.swift */; };
		84D3713E2294309700922D4B /* Main.storyboard in Resources */ = {isa = PBXBuildFile; fileRef = 84D3713C2294309700922D4B /* Main.storyboard */; };
		84D371402294309700922D4B /* Assets.xcassets in Resources */ = {isa = PBXBuildFile; fileRef = 84D3713F2294309700922D4B /* Assets.xcassets */; };
		84D371432294309700922D4B /* LaunchScreen.storyboard in Resources */ = {isa = PBXBuildFile; fileRef = 84D371412294309700922D4B /* LaunchScreen.storyboard */; };
		84F5C694229CC69D00CB749B /* AnchorPointNode.swift in Sources */ = {isa = PBXBuildFile; fileRef = 84F5C693229CC69D00CB749B /* AnchorPointNode.swift */; };
		EA09493622A19AFD002B105B /* BalaoEntity.swift in Sources */ = {isa = PBXBuildFile; fileRef = EA09493522A19AFD002B105B /* BalaoEntity.swift */; };
		EA1C5A93229F571F00FC65CB /* TextureNode.swift in Sources */ = {isa = PBXBuildFile; fileRef = EA1C5A92229F571F00FC65CB /* TextureNode.swift */; };
		EA262F21229F0FA500C46986 /* StonesNode.swift in Sources */ = {isa = PBXBuildFile; fileRef = EA262F20229F0FA500C46986 /* StonesNode.swift */; };
		EA262F23229F111A00C46986 /* StonesNodeComponent.swift in Sources */ = {isa = PBXBuildFile; fileRef = EA262F22229F111A00C46986 /* StonesNodeComponent.swift */; };
		EA262F25229F138D00C46986 /* StonesPhysicsBodyComponent.swift in Sources */ = {isa = PBXBuildFile; fileRef = EA262F24229F138D00C46986 /* StonesPhysicsBodyComponent.swift */; };
		EA2CE901229876AE00084E25 /* ChoicesHUDNode.swift in Sources */ = {isa = PBXBuildFile; fileRef = EA2CE900229876AE00084E25 /* ChoicesHUDNode.swift */; };
		EA2CE9032298772D00084E25 /* ChoicesNodeComponent.swift in Sources */ = {isa = PBXBuildFile; fileRef = EA2CE9022298772D00084E25 /* ChoicesNodeComponent.swift */; };
		EA2CE9052298779500084E25 /* ChoicesPhysicsBodyComponent.swift in Sources */ = {isa = PBXBuildFile; fileRef = EA2CE9042298779500084E25 /* ChoicesPhysicsBodyComponent.swift */; };
		EA2CE9072298788A00084E25 /* ChoicesEntity.swift in Sources */ = {isa = PBXBuildFile; fileRef = EA2CE9062298788A00084E25 /* ChoicesEntity.swift */; };
		EA41380122A04B6900959903 /* FruitinhaNode.swift in Sources */ = {isa = PBXBuildFile; fileRef = EA41380022A04B6900959903 /* FruitinhaNode.swift */; };
		EA58B21B2295BB800099C146 /* SKPhysicsBody+maskDefs.swift in Sources */ = {isa = PBXBuildFile; fileRef = EA58B21A2295BB800099C146 /* SKPhysicsBody+maskDefs.swift */; };
		EA58B2212295C8860099C146 /* PlatformNode.swift in Sources */ = {isa = PBXBuildFile; fileRef = EA58B2202295C8860099C146 /* PlatformNode.swift */; };
		EA58B22F2295E73D0099C146 /* WoodNode.swift in Sources */ = {isa = PBXBuildFile; fileRef = EA58B22E2295E73D0099C146 /* WoodNode.swift */; };
		EA58B2312295E7690099C146 /* WoodNodeComponent.swift in Sources */ = {isa = PBXBuildFile; fileRef = EA58B2302295E7690099C146 /* WoodNodeComponent.swift */; };
		EA58B2332295E7A80099C146 /* PlatformNodeComponent.swift in Sources */ = {isa = PBXBuildFile; fileRef = EA58B2322295E7A80099C146 /* PlatformNodeComponent.swift */; };
		EA58B23C229626EF0099C146 /* WoodEntity.swift in Sources */ = {isa = PBXBuildFile; fileRef = EA58B23B229626EF0099C146 /* WoodEntity.swift */; };
		EA58B23E229629080099C146 /* PlatformEntity.swift in Sources */ = {isa = PBXBuildFile; fileRef = EA58B23D229629080099C146 /* PlatformEntity.swift */; };
		EA58B240229629A00099C146 /* PlatformPhysicsBodyComponent.swift in Sources */ = {isa = PBXBuildFile; fileRef = EA58B23F229629A00099C146 /* PlatformPhysicsBodyComponent.swift */; };
		EA5FE590229743040027D77F /* FloorPhysicsBodyComponent.swift in Sources */ = {isa = PBXBuildFile; fileRef = EA5FE58F229743040027D77F /* FloorPhysicsBodyComponent.swift */; };
		EA8846A9229C864D003BF8F7 /* AnimalEntity.swift in Sources */ = {isa = PBXBuildFile; fileRef = EA8846A8229C864D003BF8F7 /* AnimalEntity.swift */; };
		EA8846AB229C891D003BF8F7 /* QuicksandNode.swift in Sources */ = {isa = PBXBuildFile; fileRef = EA8846AA229C891D003BF8F7 /* QuicksandNode.swift */; };
		EA8846AD229CC615003BF8F7 /* QuicksandNodeComponent.swift in Sources */ = {isa = PBXBuildFile; fileRef = EA8846AC229CC615003BF8F7 /* QuicksandNodeComponent.swift */; };
		EA8846C2229E0AD5003BF8F7 /* BalaoExclamacaoNode.swift in Sources */ = {isa = PBXBuildFile; fileRef = EA8846C1229E0AD5003BF8F7 /* BalaoExclamacaoNode.swift */; };
		EA8846C4229E0DA3003BF8F7 /* BalaoExclamacaoNodeComponent.swift in Sources */ = {isa = PBXBuildFile; fileRef = EA8846C3229E0DA3003BF8F7 /* BalaoExclamacaoNodeComponent.swift */; };
		EA918EFC2294EBBA00684B4F /* ControlReceiverComponent.swift in Sources */ = {isa = PBXBuildFile; fileRef = EA918EFB2294EBBA00684B4F /* ControlReceiverComponent.swift */; };
		EA918EFE2294EBCB00684B4F /* ControlMovimentComponent.swift in Sources */ = {isa = PBXBuildFile; fileRef = EA918EFD2294EBCB00684B4F /* ControlMovimentComponent.swift */; };
		EAA7CCF622A04D22005DD0F7 /* MaracujaNodeComponent.swift in Sources */ = {isa = PBXBuildFile; fileRef = EAA7CCF522A04D22005DD0F7 /* MaracujaNodeComponent.swift */; };
		EAA7CCF822A05374005DD0F7 /* QuicksandEntity.swift in Sources */ = {isa = PBXBuildFile; fileRef = EAA7CCF722A05374005DD0F7 /* QuicksandEntity.swift */; };
		EAB872C3229C79C800A7FE9E /* WindNode.swift in Sources */ = {isa = PBXBuildFile; fileRef = EAB872C2229C79C800A7FE9E /* WindNode.swift */; };
		EAB872C9229C7D5300A7FE9E /* WindNodeComponent.swift in Sources */ = {isa = PBXBuildFile; fileRef = EAB872C8229C7D5300A7FE9E /* WindNodeComponent.swift */; };
		EAB872CB229C7DE200A7FE9E /* WindEntity.swift in Sources */ = {isa = PBXBuildFile; fileRef = EAB872CA229C7DE200A7FE9E /* WindEntity.swift */; };
		EAB872CD229C827E00A7FE9E /* AnimalNode.swift in Sources */ = {isa = PBXBuildFile; fileRef = EAB872CC229C827E00A7FE9E /* AnimalNode.swift */; };
		EAB872CF229C83DB00A7FE9E /* AnimalNodeComponent.swift in Sources */ = {isa = PBXBuildFile; fileRef = EAB872CE229C83DB00A7FE9E /* AnimalNodeComponent.swift */; };
		EAE05C942294885A00B78846 /* RemoteControl.swift in Sources */ = {isa = PBXBuildFile; fileRef = EAE05C932294885A00B78846 /* RemoteControl.swift */; };
/* End PBXBuildFile section */

/* Begin PBXFileReference section */
		666BA96F229C5CC2000B27C8 /* PlayerNodeComponent.swift */ = {isa = PBXFileReference; lastKnownFileType = sourcecode.swift; path = PlayerNodeComponent.swift; sourceTree = "<group>"; };
		666BA972229C7C8D000B27C8 /* AnimationsStructs.swift */ = {isa = PBXFileReference; lastKnownFileType = sourcecode.swift; path = AnimationsStructs.swift; sourceTree = "<group>"; };
		666BA974229C7DF0000B27C8 /* AnimationsTextures.swift */ = {isa = PBXFileReference; lastKnownFileType = sourcecode.swift; path = AnimationsTextures.swift; sourceTree = "<group>"; };
		666BA976229C8185000B27C8 /* MaracujaEntity.swift */ = {isa = PBXFileReference; lastKnownFileType = sourcecode.swift; path = MaracujaEntity.swift; sourceTree = "<group>"; };
		666BA979229C82C5000B27C8 /* MaracujaPhysicsBodyComponent.swift */ = {isa = PBXFileReference; lastKnownFileType = sourcecode.swift; path = MaracujaPhysicsBodyComponent.swift; sourceTree = "<group>"; };
		666BA97B229E1C33000B27C8 /* ObstacleComeBackComponent.swift */ = {isa = PBXFileReference; lastKnownFileType = sourcecode.swift; path = ObstacleComeBackComponent.swift; sourceTree = "<group>"; };
		66C63BAC2294656700CCEE3A /* MachinePlayer.swift */ = {isa = PBXFileReference; lastKnownFileType = sourcecode.swift; path = MachinePlayer.swift; sourceTree = "<group>"; };
		66C63BAF2294681000CCEE3A /* StateIdle.swift */ = {isa = PBXFileReference; lastKnownFileType = sourcecode.swift; path = StateIdle.swift; sourceTree = "<group>"; };
		66C63BB12294693900CCEE3A /* StateRunning.swift */ = {isa = PBXFileReference; lastKnownFileType = sourcecode.swift; path = StateRunning.swift; sourceTree = "<group>"; };
		66C63BB32294695D00CCEE3A /* StateJumping.swift */ = {isa = PBXFileReference; lastKnownFileType = sourcecode.swift; path = StateJumping.swift; sourceTree = "<group>"; };
		66C63BB52294698300CCEE3A /* StateFalling.swift */ = {isa = PBXFileReference; lastKnownFileType = sourcecode.swift; path = StateFalling.swift; sourceTree = "<group>"; };
		66C63BB7229469B000CCEE3A /* StateLanding.swift */ = {isa = PBXFileReference; lastKnownFileType = sourcecode.swift; path = StateLanding.swift; sourceTree = "<group>"; };
		66C63BB922946A0A00CCEE3A /* StateUnconscious.swift */ = {isa = PBXFileReference; lastKnownFileType = sourcecode.swift; path = StateUnconscious.swift; sourceTree = "<group>"; };
		66C63BBB22946F2100CCEE3A /* JumpingComponent.swift */ = {isa = PBXFileReference; lastKnownFileType = sourcecode.swift; path = JumpingComponent.swift; sourceTree = "<group>"; };
		66C63BC122948C1000CCEE3A /* MachineScene.swift */ = {isa = PBXFileReference; lastKnownFileType = sourcecode.swift; path = MachineScene.swift; sourceTree = "<group>"; };
		66C63BC322948CEB00CCEE3A /* StatePaused.swift */ = {isa = PBXFileReference; lastKnownFileType = sourcecode.swift; path = StatePaused.swift; sourceTree = "<group>"; };
		66C63BC522948D1900CCEE3A /* StateUnPaused.swift */ = {isa = PBXFileReference; lastKnownFileType = sourcecode.swift; path = StateUnPaused.swift; sourceTree = "<group>"; };
		66C63BC7229491E900CCEE3A /* Cena.swift */ = {isa = PBXFileReference; lastKnownFileType = sourcecode.swift; path = Cena.swift; sourceTree = "<group>"; };
		66C63BC922949B4600CCEE3A /* CameraComponent.swift */ = {isa = PBXFileReference; lastKnownFileType = sourcecode.swift; path = CameraComponent.swift; sourceTree = "<group>"; };
		66C63BCB2295BDE300CCEE3A /* PauseComponent.swift */ = {isa = PBXFileReference; lastKnownFileType = sourcecode.swift; path = PauseComponent.swift; sourceTree = "<group>"; };
		66C63BCD2295E35900CCEE3A /* WoodPhysicsBodyComponent.swift */ = {isa = PBXFileReference; lastKnownFileType = sourcecode.swift; path = WoodPhysicsBodyComponent.swift; sourceTree = "<group>"; };
		66C63BCF2295E7A100CCEE3A /* WaterEntity.swift */ = {isa = PBXFileReference; lastKnownFileType = sourcecode.swift; path = WaterEntity.swift; sourceTree = "<group>"; };
		66C63BD12295EB6A00CCEE3A /* WaterNodeComponent.swift */ = {isa = PBXFileReference; lastKnownFileType = sourcecode.swift; path = WaterNodeComponent.swift; sourceTree = "<group>"; };
		66C63BD32295ECE100CCEE3A /* WaterNode.swift */ = {isa = PBXFileReference; lastKnownFileType = sourcecode.swift; path = WaterNode.swift; sourceTree = "<group>"; };
		66C63BD52295EDE100CCEE3A /* WaterPhysicsBodyComponent.swift */ = {isa = PBXFileReference; lastKnownFileType = sourcecode.swift; path = WaterPhysicsBodyComponent.swift; sourceTree = "<group>"; };
		66C63BD722970F1900CCEE3A /* SceneMachineComponent.swift */ = {isa = PBXFileReference; lastKnownFileType = sourcecode.swift; path = SceneMachineComponent.swift; sourceTree = "<group>"; };
		66C63BD9229731EA00CCEE3A /* PlayerStateMachineComponent.swift */ = {isa = PBXFileReference; lastKnownFileType = sourcecode.swift; path = PlayerStateMachineComponent.swift; sourceTree = "<group>"; };
		8405E3C4229F762900DB50A6 /* InvisibleChoiceNode.swift */ = {isa = PBXFileReference; lastKnownFileType = sourcecode.swift; path = InvisibleChoiceNode.swift; sourceTree = "<group>"; };
		8405E3C9229F7A8A00DB50A6 /* InvisibleChoiceComponent.swift */ = {isa = PBXFileReference; lastKnownFileType = sourcecode.swift; path = InvisibleChoiceComponent.swift; sourceTree = "<group>"; };
		8405E3CB229F7AF400DB50A6 /* InvisibleChoicePhysicsBody.swift */ = {isa = PBXFileReference; lastKnownFileType = sourcecode.swift; path = InvisibleChoicePhysicsBody.swift; sourceTree = "<group>"; };
		8405E3CE22A080DE00DB50A6 /* StoneEntity.swift */ = {isa = PBXFileReference; lastKnownFileType = sourcecode.swift; path = StoneEntity.swift; sourceTree = "<group>"; };
		8410A2F122946FD600F73DC0 /* IdleComponent.swift */ = {isa = PBXFileReference; lastKnownFileType = sourcecode.swift; path = IdleComponent.swift; sourceTree = "<group>"; };
		8410A2F322947C7A00F73DC0 /* RunComponent.swift */ = {isa = PBXFileReference; lastKnownFileType = sourcecode.swift; path = RunComponent.swift; sourceTree = "<group>"; };
		8412472F229F05A000052953 /* ChoiceButtonNode.swift */ = {isa = PBXFileReference; lastKnownFileType = sourcecode.swift; path = ChoiceButtonNode.swift; sourceTree = "<group>"; };
		84124733229F12E800052953 /* ChoicesControl.swift */ = {isa = PBXFileReference; lastKnownFileType = sourcecode.swift; path = ChoicesControl.swift; sourceTree = "<group>"; };
		846A9330229C5DB400A31D1F /* BackgroundNode.swift */ = {isa = PBXFileReference; lastKnownFileType = sourcecode.swift; path = BackgroundNode.swift; sourceTree = "<group>"; };
		846A9332229C5FBC00A31D1F /* BackgroundEntity.swift */ = {isa = PBXFileReference; lastKnownFileType = sourcecode.swift; path = BackgroundEntity.swift; sourceTree = "<group>"; };
		84AC276B2295BB0D00D3A6C2 /* FloorNode.swift */ = {isa = PBXFileReference; lastKnownFileType = sourcecode.swift; path = FloorNode.swift; sourceTree = "<group>"; };
		84AC276F2295C23F00D3A6C2 /* FloorComponent.swift */ = {isa = PBXFileReference; lastKnownFileType = sourcecode.swift; path = FloorComponent.swift; sourceTree = "<group>"; };
		84AC27722296F43F00D3A6C2 /* FloorEntity.swift */ = {isa = PBXFileReference; lastKnownFileType = sourcecode.swift; path = FloorEntity.swift; sourceTree = "<group>"; };
		84AC27982297406A00D3A6C2 /* SizeNode.swift */ = {isa = PBXFileReference; lastKnownFileType = sourcecode.swift; path = SizeNode.swift; sourceTree = "<group>"; };
		84AC279A2297408500D3A6C2 /* InitialPositionNode.swift */ = {isa = PBXFileReference; lastKnownFileType = sourcecode.swift; path = InitialPositionNode.swift; sourceTree = "<group>"; };
		84B058132294350200B7E9A0 /* Debug.swift */ = {isa = PBXFileReference; lastKnownFileType = sourcecode.swift; path = Debug.swift; sourceTree = "<group>"; };
		84B058162294377800B7E9A0 /* PlayerNode.swift */ = {isa = PBXFileReference; lastKnownFileType = sourcecode.swift; path = PlayerNode.swift; sourceTree = "<group>"; };
		84B0581C22943F2A00B7E9A0 /* Player.swift */ = {isa = PBXFileReference; lastKnownFileType = sourcecode.swift; path = Player.swift; sourceTree = "<group>"; };
		84B0581E2294414300B7E9A0 /* EntityManager.swift */ = {isa = PBXFileReference; lastKnownFileType = sourcecode.swift; path = EntityManager.swift; sourceTree = "<group>"; };
		84B058212294460500B7E9A0 /* ComponentsWithNodes.swift */ = {isa = PBXFileReference; lastKnownFileType = sourcecode.swift; path = ComponentsWithNodes.swift; sourceTree = "<group>"; };
		84B058232294486700B7E9A0 /* GKSKNodeComponent+ComponentsWithNodes.swift */ = {isa = PBXFileReference; lastKnownFileType = sourcecode.swift; path = "GKSKNodeComponent+ComponentsWithNodes.swift"; sourceTree = "<group>"; };
		84B05825229460E400B7E9A0 /* PhysicsBodyComponent.swift */ = {isa = PBXFileReference; lastKnownFileType = sourcecode.swift; path = PhysicsBodyComponent.swift; sourceTree = "<group>"; };
		84B058282294673B00B7E9A0 /* CGSize+ops.swift */ = {isa = PBXFileReference; lastKnownFileType = sourcecode.swift; path = "CGSize+ops.swift"; sourceTree = "<group>"; };
		84D3712F2294309700922D4B /* Carbunculo.app */ = {isa = PBXFileReference; explicitFileType = wrapper.application; includeInIndex = 0; path = Carbunculo.app; sourceTree = BUILT_PRODUCTS_DIR; };
		84D371322294309700922D4B /* AppDelegate.swift */ = {isa = PBXFileReference; lastKnownFileType = sourcecode.swift; path = AppDelegate.swift; sourceTree = "<group>"; };
		84D371342294309700922D4B /* GameScene.sks */ = {isa = PBXFileReference; lastKnownFileType = file.sks; path = GameScene.sks; sourceTree = "<group>"; };
		84D371362294309700922D4B /* Actions.sks */ = {isa = PBXFileReference; lastKnownFileType = file.sks; path = Actions.sks; sourceTree = "<group>"; };
		84D371382294309700922D4B /* GameScene.swift */ = {isa = PBXFileReference; lastKnownFileType = sourcecode.swift; path = GameScene.swift; sourceTree = "<group>"; };
		84D3713A2294309700922D4B /* GameViewController.swift */ = {isa = PBXFileReference; lastKnownFileType = sourcecode.swift; path = GameViewController.swift; sourceTree = "<group>"; };
		84D3713D2294309700922D4B /* Base */ = {isa = PBXFileReference; lastKnownFileType = file.storyboard; name = Base; path = Base.lproj/Main.storyboard; sourceTree = "<group>"; };
		84D3713F2294309700922D4B /* Assets.xcassets */ = {isa = PBXFileReference; lastKnownFileType = folder.assetcatalog; path = Assets.xcassets; sourceTree = "<group>"; };
		84D371422294309700922D4B /* Base */ = {isa = PBXFileReference; lastKnownFileType = file.storyboard; name = Base; path = Base.lproj/LaunchScreen.storyboard; sourceTree = "<group>"; };
		84D371442294309700922D4B /* Info.plist */ = {isa = PBXFileReference; lastKnownFileType = text.plist.xml; path = Info.plist; sourceTree = "<group>"; };
		84F5C693229CC69D00CB749B /* AnchorPointNode.swift */ = {isa = PBXFileReference; lastKnownFileType = sourcecode.swift; path = AnchorPointNode.swift; sourceTree = "<group>"; };
		EA09493522A19AFD002B105B /* BalaoEntity.swift */ = {isa = PBXFileReference; lastKnownFileType = sourcecode.swift; path = BalaoEntity.swift; sourceTree = "<group>"; };
		EA1C5A92229F571F00FC65CB /* TextureNode.swift */ = {isa = PBXFileReference; lastKnownFileType = sourcecode.swift; path = TextureNode.swift; sourceTree = "<group>"; };
		EA262F20229F0FA500C46986 /* StonesNode.swift */ = {isa = PBXFileReference; lastKnownFileType = sourcecode.swift; path = StonesNode.swift; sourceTree = "<group>"; };
		EA262F22229F111A00C46986 /* StonesNodeComponent.swift */ = {isa = PBXFileReference; lastKnownFileType = sourcecode.swift; path = StonesNodeComponent.swift; sourceTree = "<group>"; };
		EA262F24229F138D00C46986 /* StonesPhysicsBodyComponent.swift */ = {isa = PBXFileReference; lastKnownFileType = sourcecode.swift; path = StonesPhysicsBodyComponent.swift; sourceTree = "<group>"; };
		EA2CE900229876AE00084E25 /* ChoicesHUDNode.swift */ = {isa = PBXFileReference; lastKnownFileType = sourcecode.swift; path = ChoicesHUDNode.swift; sourceTree = "<group>"; };
		EA2CE9022298772D00084E25 /* ChoicesNodeComponent.swift */ = {isa = PBXFileReference; lastKnownFileType = sourcecode.swift; path = ChoicesNodeComponent.swift; sourceTree = "<group>"; };
		EA2CE9042298779500084E25 /* ChoicesPhysicsBodyComponent.swift */ = {isa = PBXFileReference; lastKnownFileType = sourcecode.swift; path = ChoicesPhysicsBodyComponent.swift; sourceTree = "<group>"; };
		EA2CE9062298788A00084E25 /* ChoicesEntity.swift */ = {isa = PBXFileReference; lastKnownFileType = sourcecode.swift; path = ChoicesEntity.swift; sourceTree = "<group>"; };
		EA41380022A04B6900959903 /* FruitinhaNode.swift */ = {isa = PBXFileReference; lastKnownFileType = sourcecode.swift; path = FruitinhaNode.swift; sourceTree = "<group>"; };
		EA58B21A2295BB800099C146 /* SKPhysicsBody+maskDefs.swift */ = {isa = PBXFileReference; lastKnownFileType = sourcecode.swift; path = "SKPhysicsBody+maskDefs.swift"; sourceTree = "<group>"; };
		EA58B2202295C8860099C146 /* PlatformNode.swift */ = {isa = PBXFileReference; lastKnownFileType = sourcecode.swift; path = PlatformNode.swift; sourceTree = "<group>"; };
		EA58B22E2295E73D0099C146 /* WoodNode.swift */ = {isa = PBXFileReference; lastKnownFileType = sourcecode.swift; path = WoodNode.swift; sourceTree = "<group>"; };
		EA58B2302295E7690099C146 /* WoodNodeComponent.swift */ = {isa = PBXFileReference; lastKnownFileType = sourcecode.swift; path = WoodNodeComponent.swift; sourceTree = "<group>"; };
		EA58B2322295E7A80099C146 /* PlatformNodeComponent.swift */ = {isa = PBXFileReference; lastKnownFileType = sourcecode.swift; path = PlatformNodeComponent.swift; sourceTree = "<group>"; };
		EA58B23B229626EF0099C146 /* WoodEntity.swift */ = {isa = PBXFileReference; lastKnownFileType = sourcecode.swift; path = WoodEntity.swift; sourceTree = "<group>"; };
		EA58B23D229629080099C146 /* PlatformEntity.swift */ = {isa = PBXFileReference; lastKnownFileType = sourcecode.swift; path = PlatformEntity.swift; sourceTree = "<group>"; };
		EA58B23F229629A00099C146 /* PlatformPhysicsBodyComponent.swift */ = {isa = PBXFileReference; lastKnownFileType = sourcecode.swift; path = PlatformPhysicsBodyComponent.swift; sourceTree = "<group>"; };
		EA5FE58F229743040027D77F /* FloorPhysicsBodyComponent.swift */ = {isa = PBXFileReference; lastKnownFileType = sourcecode.swift; path = FloorPhysicsBodyComponent.swift; sourceTree = "<group>"; };
		EA8846A8229C864D003BF8F7 /* AnimalEntity.swift */ = {isa = PBXFileReference; lastKnownFileType = sourcecode.swift; path = AnimalEntity.swift; sourceTree = "<group>"; };
		EA8846AA229C891D003BF8F7 /* QuicksandNode.swift */ = {isa = PBXFileReference; lastKnownFileType = sourcecode.swift; path = QuicksandNode.swift; sourceTree = "<group>"; };
		EA8846AC229CC615003BF8F7 /* QuicksandNodeComponent.swift */ = {isa = PBXFileReference; lastKnownFileType = sourcecode.swift; path = QuicksandNodeComponent.swift; sourceTree = "<group>"; };
		EA8846C1229E0AD5003BF8F7 /* BalaoExclamacaoNode.swift */ = {isa = PBXFileReference; lastKnownFileType = sourcecode.swift; path = BalaoExclamacaoNode.swift; sourceTree = "<group>"; };
		EA8846C3229E0DA3003BF8F7 /* BalaoExclamacaoNodeComponent.swift */ = {isa = PBXFileReference; lastKnownFileType = sourcecode.swift; path = BalaoExclamacaoNodeComponent.swift; sourceTree = "<group>"; };
		EA918EFB2294EBBA00684B4F /* ControlReceiverComponent.swift */ = {isa = PBXFileReference; lastKnownFileType = sourcecode.swift; path = ControlReceiverComponent.swift; sourceTree = "<group>"; };
		EA918EFD2294EBCB00684B4F /* ControlMovimentComponent.swift */ = {isa = PBXFileReference; lastKnownFileType = sourcecode.swift; path = ControlMovimentComponent.swift; sourceTree = "<group>"; };
		EAA7CCF522A04D22005DD0F7 /* MaracujaNodeComponent.swift */ = {isa = PBXFileReference; lastKnownFileType = sourcecode.swift; path = MaracujaNodeComponent.swift; sourceTree = "<group>"; };
		EAA7CCF722A05374005DD0F7 /* QuicksandEntity.swift */ = {isa = PBXFileReference; lastKnownFileType = sourcecode.swift; path = QuicksandEntity.swift; sourceTree = "<group>"; };
		EAB872C2229C79C800A7FE9E /* WindNode.swift */ = {isa = PBXFileReference; lastKnownFileType = sourcecode.swift; path = WindNode.swift; sourceTree = "<group>"; };
		EAB872C8229C7D5300A7FE9E /* WindNodeComponent.swift */ = {isa = PBXFileReference; lastKnownFileType = sourcecode.swift; path = WindNodeComponent.swift; sourceTree = "<group>"; };
		EAB872CA229C7DE200A7FE9E /* WindEntity.swift */ = {isa = PBXFileReference; lastKnownFileType = sourcecode.swift; path = WindEntity.swift; sourceTree = "<group>"; };
		EAB872CC229C827E00A7FE9E /* AnimalNode.swift */ = {isa = PBXFileReference; lastKnownFileType = sourcecode.swift; path = AnimalNode.swift; sourceTree = "<group>"; };
		EAB872CE229C83DB00A7FE9E /* AnimalNodeComponent.swift */ = {isa = PBXFileReference; lastKnownFileType = sourcecode.swift; path = AnimalNodeComponent.swift; sourceTree = "<group>"; };
		EAE05C932294885A00B78846 /* RemoteControl.swift */ = {isa = PBXFileReference; lastKnownFileType = sourcecode.swift; path = RemoteControl.swift; sourceTree = "<group>"; };
/* End PBXFileReference section */

/* Begin PBXFrameworksBuildPhase section */
		84D3712C2294309700922D4B /* Frameworks */ = {
			isa = PBXFrameworksBuildPhase;
			buildActionMask = 2147483647;
			files = (
			);
			runOnlyForDeploymentPostprocessing = 0;
		};
/* End PBXFrameworksBuildPhase section */

/* Begin PBXGroup section */
		666BA971229C7C78000B27C8 /* Animation */ = {
			isa = PBXGroup;
			children = (
				666BA972229C7C8D000B27C8 /* AnimationsStructs.swift */,
				666BA974229C7DF0000B27C8 /* AnimationsTextures.swift */,
			);
			path = Animation;
			sourceTree = "<group>";
		};
		666BA978229C8240000B27C8 /* MaracujaComponents */ = {
			isa = PBXGroup;
			children = (
				666BA979229C82C5000B27C8 /* MaracujaPhysicsBodyComponent.swift */,
				EAA7CCF522A04D22005DD0F7 /* MaracujaNodeComponent.swift */,
			);
			path = MaracujaComponents;
			sourceTree = "<group>";
		};
		66C63BAB2294654600CCEE3A /* StateMachines */ = {
			isa = PBXGroup;
			children = (
				66C63BAC2294656700CCEE3A /* MachinePlayer.swift */,
				66C63BC122948C1000CCEE3A /* MachineScene.swift */,
			);
			path = StateMachines;
			sourceTree = "<group>";
		};
		66C63BAE229467FE00CCEE3A /* States */ = {
			isa = PBXGroup;
			children = (
				66C63BAF2294681000CCEE3A /* StateIdle.swift */,
				66C63BB12294693900CCEE3A /* StateRunning.swift */,
				66C63BB32294695D00CCEE3A /* StateJumping.swift */,
				66C63BB52294698300CCEE3A /* StateFalling.swift */,
				66C63BB7229469B000CCEE3A /* StateLanding.swift */,
				66C63BB922946A0A00CCEE3A /* StateUnconscious.swift */,
				66C63BC322948CEB00CCEE3A /* StatePaused.swift */,
				66C63BC522948D1900CCEE3A /* StateUnPaused.swift */,
			);
			path = States;
			sourceTree = "<group>";
		};
		8405E3C8229F79CD00DB50A6 /* ChoiceEntities */ = {
			isa = PBXGroup;
			children = (
				EA2CE9062298788A00084E25 /* ChoicesEntity.swift */,
			);
			path = ChoiceEntities;
			sourceTree = "<group>";
		};
		8405E3CD22A04F8700DB50A6 /* Choice */ = {
			isa = PBXGroup;
			children = (
				8405E3C9229F7A8A00DB50A6 /* InvisibleChoiceComponent.swift */,
				EA2CE9022298772D00084E25 /* ChoicesNodeComponent.swift */,
			);
			path = Choice;
			sourceTree = "<group>";
		};
		8412472E229F058500052953 /* ChoiseNodes */ = {
			isa = PBXGroup;
			children = (
				EAD942C122A6FEF600BF7A54 /* Choice1 */,
			);
			path = ChoiseNodes;
			sourceTree = "<group>";
		};
		84124732229F12BD00052953 /* Model */ = {
			isa = PBXGroup;
			children = (
				84124733229F12E800052953 /* ChoicesControl.swift */,
			);
			path = Model;
			sourceTree = "<group>";
		};
		84AC27712295D49600D3A6C2 /* StateComponents */ = {
			isa = PBXGroup;
			children = (
				66C63BBB22946F2100CCEE3A /* JumpingComponent.swift */,
				8410A2F122946FD600F73DC0 /* IdleComponent.swift */,
				8410A2F322947C7A00F73DC0 /* RunComponent.swift */,
			);
			path = StateComponents;
			sourceTree = "<group>";
		};
		84AC279C2297408800D3A6C2 /* SetupNodes */ = {
			isa = PBXGroup;
			children = (
				84AC27982297406A00D3A6C2 /* SizeNode.swift */,
				84AC279A2297408500D3A6C2 /* InitialPositionNode.swift */,
				84F5C693229CC69D00CB749B /* AnchorPointNode.swift */,
				EA1C5A92229F571F00FC65CB /* TextureNode.swift */,
			);
			path = SetupNodes;
			sourceTree = "<group>";
		};
		84B058112294348700B7E9A0 /* Views */ = {
			isa = PBXGroup;
			children = (
				84D371382294309700922D4B /* GameScene.swift */,
				84B0581922943AD900B7E9A0 /* Sks */,
				84B0581822943ACE00B7E9A0 /* Storyboards */,
			);
			path = Views;
			sourceTree = "<group>";
		};
		84B05812229434AF00B7E9A0 /* Controllers */ = {
			isa = PBXGroup;
			children = (
				84D371322294309700922D4B /* AppDelegate.swift */,
				84D3713A2294309700922D4B /* GameViewController.swift */,
			);
			path = Controllers;
			sourceTree = "<group>";
		};
		84B058152294374D00B7E9A0 /* Nodes */ = {
			isa = PBXGroup;
			children = (
				8412472E229F058500052953 /* ChoiseNodes */,
				EA8846C0229E08CF003BF8F7 /* ScenarioNode */,
				EA58B24222962AA90099C146 /* ObstaclesNode */,
				84B058162294377800B7E9A0 /* PlayerNode.swift */,
				84AC276B2295BB0D00D3A6C2 /* FloorNode.swift */,
				EAB872C2229C79C800A7FE9E /* WindNode.swift */,
				846A9330229C5DB400A31D1F /* BackgroundNode.swift */,
				EAB872CC229C827E00A7FE9E /* AnimalNode.swift */,
				EA41380022A04B6900959903 /* FruitinhaNode.swift */,
			);
			path = Nodes;
			sourceTree = "<group>";
		};
		84B0581822943ACE00B7E9A0 /* Storyboards */ = {
			isa = PBXGroup;
			children = (
				84D371412294309700922D4B /* LaunchScreen.storyboard */,
				84D3713C2294309700922D4B /* Main.storyboard */,
			);
			path = Storyboards;
			sourceTree = "<group>";
		};
		84B0581922943AD900B7E9A0 /* Sks */ = {
			isa = PBXGroup;
			children = (
				84D371342294309700922D4B /* GameScene.sks */,
				84D371362294309700922D4B /* Actions.sks */,
			);
			path = Sks;
			sourceTree = "<group>";
		};
		84B0581B22943F1100B7E9A0 /* Entities */ = {
			isa = PBXGroup;
			children = (
				8405E3C8229F79CD00DB50A6 /* ChoiceEntities */,
				EA58B24122962A520099C146 /* ObstaclesEntity */,
				84B0581E2294414300B7E9A0 /* EntityManager.swift */,
				84B0581C22943F2A00B7E9A0 /* Player.swift */,
				66C63BC7229491E900CCEE3A /* Cena.swift */,
				84AC27722296F43F00D3A6C2 /* FloorEntity.swift */,
				846A9332229C5FBC00A31D1F /* BackgroundEntity.swift */,
				EA8846A8229C864D003BF8F7 /* AnimalEntity.swift */,
				666BA976229C8185000B27C8 /* MaracujaEntity.swift */,
				EA09493522A19AFD002B105B /* BalaoEntity.swift */,
			);
			path = Entities;
			sourceTree = "<group>";
		};
		84B05820229445C000B7E9A0 /* Components */ = {
			isa = PBXGroup;
			children = (
				8405E3CD22A04F8700DB50A6 /* Choice */,
				666BA978229C8240000B27C8 /* MaracujaComponents */,
				EAC385AC229733D500C577E4 /* ObstaclesComponents */,
				EAC385AB229733AF00C577E4 /* PhysicsBodyComponents */,
				84AC27712295D49600D3A6C2 /* StateComponents */,
				84B058212294460500B7E9A0 /* ComponentsWithNodes.swift */,
				84B058232294486700B7E9A0 /* GKSKNodeComponent+ComponentsWithNodes.swift */,
				66C63BC922949B4600CCEE3A /* CameraComponent.swift */,
				EA918EFB2294EBBA00684B4F /* ControlReceiverComponent.swift */,
				EA918EFD2294EBCB00684B4F /* ControlMovimentComponent.swift */,
				84AC276F2295C23F00D3A6C2 /* FloorComponent.swift */,
				66C63BCB2295BDE300CCEE3A /* PauseComponent.swift */,
				66C63BD722970F1900CCEE3A /* SceneMachineComponent.swift */,
				66C63BD9229731EA00CCEE3A /* PlayerStateMachineComponent.swift */,
				666BA96F229C5CC2000B27C8 /* PlayerNodeComponent.swift */,
				EAB872CE229C83DB00A7FE9E /* AnimalNodeComponent.swift */,
				EA8846C3229E0DA3003BF8F7 /* BalaoExclamacaoNodeComponent.swift */,
				666BA97B229E1C33000B27C8 /* ObstacleComeBackComponent.swift */,
			);
			path = Components;
			sourceTree = "<group>";
		};
		84B058272294670A00B7E9A0 /* Extensions */ = {
			isa = PBXGroup;
			children = (
				84AC279C2297408800D3A6C2 /* SetupNodes */,
				84B058282294673B00B7E9A0 /* CGSize+ops.swift */,
				EA58B21A2295BB800099C146 /* SKPhysicsBody+maskDefs.swift */,
			);
			path = Extensions;
			sourceTree = "<group>";
		};
		84D371262294309700922D4B = {
			isa = PBXGroup;
			children = (
				84D371312294309700922D4B /* Carbunculo */,
				84D371302294309700922D4B /* Products */,
			);
			sourceTree = "<group>";
		};
		84D371302294309700922D4B /* Products */ = {
			isa = PBXGroup;
			children = (
				84D3712F2294309700922D4B /* Carbunculo.app */,
			);
			name = Products;
			sourceTree = "<group>";
		};
		84D371312294309700922D4B /* Carbunculo */ = {
			isa = PBXGroup;
			children = (
				84124732229F12BD00052953 /* Model */,
				666BA971229C7C78000B27C8 /* Animation */,
				EAE05C922294884600B78846 /* RemoteControl */,
				66C63BAE229467FE00CCEE3A /* States */,
				84B058272294670A00B7E9A0 /* Extensions */,
				66C63BAB2294654600CCEE3A /* StateMachines */,
				84B05820229445C000B7E9A0 /* Components */,
				84B0581B22943F1100B7E9A0 /* Entities */,
				84B058152294374D00B7E9A0 /* Nodes */,
				84B05812229434AF00B7E9A0 /* Controllers */,
				84B058112294348700B7E9A0 /* Views */,
				84B058132294350200B7E9A0 /* Debug.swift */,
				84D3713F2294309700922D4B /* Assets.xcassets */,
				84D371442294309700922D4B /* Info.plist */,
			);
			path = Carbunculo;
			sourceTree = "<group>";
		};
		EA58B24122962A520099C146 /* ObstaclesEntity */ = {
			isa = PBXGroup;
			children = (
				66C63BCF2295E7A100CCEE3A /* WaterEntity.swift */,
				EA58B23B229626EF0099C146 /* WoodEntity.swift */,
				EA58B23D229629080099C146 /* PlatformEntity.swift */,
				EAB872CA229C7DE200A7FE9E /* WindEntity.swift */,
				EAA7CCF722A05374005DD0F7 /* QuicksandEntity.swift */,
				8405E3CE22A080DE00DB50A6 /* StoneEntity.swift */,
			);
			path = ObstaclesEntity;
			sourceTree = "<group>";
		};
		EA58B24222962AA90099C146 /* ObstaclesNode */ = {
			isa = PBXGroup;
			children = (
				EA58B2202295C8860099C146 /* PlatformNode.swift */,
				EA58B22E2295E73D0099C146 /* WoodNode.swift */,
				66C63BD32295ECE100CCEE3A /* WaterNode.swift */,
				EA8846AA229C891D003BF8F7 /* QuicksandNode.swift */,
				EA262F20229F0FA500C46986 /* StonesNode.swift */,
			);
			path = ObstaclesNode;
			sourceTree = "<group>";
		};
		EA8846C0229E08CF003BF8F7 /* ScenarioNode */ = {
			isa = PBXGroup;
			children = (
				EA8846C1229E0AD5003BF8F7 /* BalaoExclamacaoNode.swift */,
			);
			path = ScenarioNode;
			sourceTree = "<group>";
		};
		EAC385AB229733AF00C577E4 /* PhysicsBodyComponents */ = {
			isa = PBXGroup;
			children = (
				66C63BCD2295E35900CCEE3A /* WoodPhysicsBodyComponent.swift */,
				66C63BD52295EDE100CCEE3A /* WaterPhysicsBodyComponent.swift */,
				EA58B23F229629A00099C146 /* PlatformPhysicsBodyComponent.swift */,
				EA5FE58F229743040027D77F /* FloorPhysicsBodyComponent.swift */,
				84B05825229460E400B7E9A0 /* PhysicsBodyComponent.swift */,
				EA2CE9042298779500084E25 /* ChoicesPhysicsBodyComponent.swift */,
				EA262F24229F138D00C46986 /* StonesPhysicsBodyComponent.swift */,
				8405E3CB229F7AF400DB50A6 /* InvisibleChoicePhysicsBody.swift */,
			);
			path = PhysicsBodyComponents;
			sourceTree = "<group>";
		};
		EAC385AC229733D500C577E4 /* ObstaclesComponents */ = {
			isa = PBXGroup;
			children = (
				EA58B2302295E7690099C146 /* WoodNodeComponent.swift */,
				EAB872C8229C7D5300A7FE9E /* WindNodeComponent.swift */,
				EA8846AC229CC615003BF8F7 /* QuicksandNodeComponent.swift */,
				EA58B2322295E7A80099C146 /* PlatformNodeComponent.swift */,
				66C63BD12295EB6A00CCEE3A /* WaterNodeComponent.swift */,
				EA262F22229F111A00C46986 /* StonesNodeComponent.swift */,
			);
			path = ObstaclesComponents;
			sourceTree = "<group>";
		};
		EAD942C122A6FEF600BF7A54 /* Choice1 */ = {
			isa = PBXGroup;
			children = (
				EA2CE900229876AE00084E25 /* ChoicesHUDNode.swift */,
				8412472F229F05A000052953 /* ChoiceButtonNode.swift */,
				8405E3C4229F762900DB50A6 /* InvisibleChoiceNode.swift */,
			);
			path = Choice1;
			sourceTree = "<group>";
		};
		EAE05C922294884600B78846 /* RemoteControl */ = {
			isa = PBXGroup;
			children = (
				EAE05C932294885A00B78846 /* RemoteControl.swift */,
			);
			path = RemoteControl;
			sourceTree = "<group>";
		};
/* End PBXGroup section */

/* Begin PBXNativeTarget section */
		84D3712E2294309700922D4B /* Carbunculo */ = {
			isa = PBXNativeTarget;
			buildConfigurationList = 84D371472294309700922D4B /* Build configuration list for PBXNativeTarget "Carbunculo" */;
			buildPhases = (
				84D3712B2294309700922D4B /* Sources */,
				84D3712C2294309700922D4B /* Frameworks */,
				84D3712D2294309700922D4B /* Resources */,
			);
			buildRules = (
			);
			dependencies = (
			);
			name = Carbunculo;
			productName = Carbunculo;
			productReference = 84D3712F2294309700922D4B /* Carbunculo.app */;
			productType = "com.apple.product-type.application";
		};
/* End PBXNativeTarget section */

/* Begin PBXProject section */
		84D371272294309700922D4B /* Project object */ = {
			isa = PBXProject;
			attributes = {
				LastSwiftUpdateCheck = 1020;
				LastUpgradeCheck = 1020;
				ORGANIZATIONNAME = CarbunculoTeam;
				TargetAttributes = {
					84D3712E2294309700922D4B = {
						CreatedOnToolsVersion = 10.2.1;
					};
				};
			};
			buildConfigurationList = 84D3712A2294309700922D4B /* Build configuration list for PBXProject "Carbunculo" */;
			compatibilityVersion = "Xcode 9.3";
			developmentRegion = en;
			hasScannedForEncodings = 0;
			knownRegions = (
				en,
				Base,
			);
			mainGroup = 84D371262294309700922D4B;
			productRefGroup = 84D371302294309700922D4B /* Products */;
			projectDirPath = "";
			projectRoot = "";
			targets = (
				84D3712E2294309700922D4B /* Carbunculo */,
			);
		};
/* End PBXProject section */

/* Begin PBXResourcesBuildPhase section */
		84D3712D2294309700922D4B /* Resources */ = {
			isa = PBXResourcesBuildPhase;
			buildActionMask = 2147483647;
			files = (
				84D3713E2294309700922D4B /* Main.storyboard in Resources */,
				84D371352294309700922D4B /* GameScene.sks in Resources */,
				84D371402294309700922D4B /* Assets.xcassets in Resources */,
				84D371432294309700922D4B /* LaunchScreen.storyboard in Resources */,
				84D371372294309700922D4B /* Actions.sks in Resources */,
			);
			runOnlyForDeploymentPostprocessing = 0;
		};
/* End PBXResourcesBuildPhase section */

/* Begin PBXSourcesBuildPhase section */
		84D3712B2294309700922D4B /* Sources */ = {
			isa = PBXSourcesBuildPhase;
			buildActionMask = 2147483647;
			files = (
				84D371392294309700922D4B /* GameScene.swift in Sources */,
				666BA97A229C82C5000B27C8 /* MaracujaPhysicsBodyComponent.swift in Sources */,
				EAA7CCF822A05374005DD0F7 /* QuicksandEntity.swift in Sources */,
				EA58B2212295C8860099C146 /* PlatformNode.swift in Sources */,
				EA1C5A93229F571F00FC65CB /* TextureNode.swift in Sources */,
				66C63BD62295EDE100CCEE3A /* WaterPhysicsBodyComponent.swift in Sources */,
				EAE05C942294885A00B78846 /* RemoteControl.swift in Sources */,
				EA262F23229F111A00C46986 /* StonesNodeComponent.swift in Sources */,
				EA09493622A19AFD002B105B /* BalaoEntity.swift in Sources */,
				EA2CE9032298772D00084E25 /* ChoicesNodeComponent.swift in Sources */,
				84AC27702295C23F00D3A6C2 /* FloorComponent.swift in Sources */,
				66C63BCC2295BDE300CCEE3A /* PauseComponent.swift in Sources */,
				66C63BDA229731EA00CCEE3A /* PlayerStateMachineComponent.swift in Sources */,
				66C63BC8229491E900CCEE3A /* Cena.swift in Sources */,
				84F5C694229CC69D00CB749B /* AnchorPointNode.swift in Sources */,
				66C63BB42294695D00CCEE3A /* StateJumping.swift in Sources */,
				EA918EFC2294EBBA00684B4F /* ControlReceiverComponent.swift in Sources */,
				EA262F25229F138D00C46986 /* StonesPhysicsBodyComponent.swift in Sources */,
				EA918EFE2294EBCB00684B4F /* ControlMovimentComponent.swift in Sources */,
				EA58B2312295E7690099C146 /* WoodNodeComponent.swift in Sources */,
				84B058292294673B00B7E9A0 /* CGSize+ops.swift in Sources */,
				EA58B21B2295BB800099C146 /* SKPhysicsBody+maskDefs.swift in Sources */,
				EA58B2332295E7A80099C146 /* PlatformNodeComponent.swift in Sources */,
				EA8846A9229C864D003BF8F7 /* AnimalEntity.swift in Sources */,
				EA2CE901229876AE00084E25 /* ChoicesHUDNode.swift in Sources */,
				84B058242294486700B7E9A0 /* GKSKNodeComponent+ComponentsWithNodes.swift in Sources */,
				EA58B22F2295E73D0099C146 /* WoodNode.swift in Sources */,
				66C63BB8229469B000CCEE3A /* StateLanding.swift in Sources */,
				EA2CE9072298788A00084E25 /* ChoicesEntity.swift in Sources */,
				8405E3C5229F762900DB50A6 /* InvisibleChoiceNode.swift in Sources */,
				66C63BB02294681000CCEE3A /* StateIdle.swift in Sources */,
				66C63BCA22949B4600CCEE3A /* CameraComponent.swift in Sources */,
				84B0581F2294414300B7E9A0 /* EntityManager.swift in Sources */,
				66C63BD02295E7A100CCEE3A /* WaterEntity.swift in Sources */,
				8405E3CF22A080DE00DB50A6 /* StoneEntity.swift in Sources */,
				EAB872CB229C7DE200A7FE9E /* WindEntity.swift in Sources */,
				666BA97C229E1C33000B27C8 /* ObstacleComeBackComponent.swift in Sources */,
				66C63BD822970F1900CCEE3A /* SceneMachineComponent.swift in Sources */,
				8405E3CC229F7AF400DB50A6 /* InvisibleChoicePhysicsBody.swift in Sources */,
				84B058142294350200B7E9A0 /* Debug.swift in Sources */,
				EAB872CF229C83DB00A7FE9E /* AnimalNodeComponent.swift in Sources */,
				EA262F21229F0FA500C46986 /* StonesNode.swift in Sources */,
				84D3713B2294309700922D4B /* GameViewController.swift in Sources */,
				84B05826229460E400B7E9A0 /* PhysicsBodyComponent.swift in Sources */,
				84AC27732296F43F00D3A6C2 /* FloorEntity.swift in Sources */,
				EA41380122A04B6900959903 /* FruitinhaNode.swift in Sources */,
				EA8846AB229C891D003BF8F7 /* QuicksandNode.swift in Sources */,
				84AC27992297406A00D3A6C2 /* SizeNode.swift in Sources */,
				84D371332294309700922D4B /* AppDelegate.swift in Sources */,
				66C63BB22294693900CCEE3A /* StateRunning.swift in Sources */,
				EA8846C2229E0AD5003BF8F7 /* BalaoExclamacaoNode.swift in Sources */,
				66C63BC622948D1900CCEE3A /* StateUnPaused.swift in Sources */,
				666BA970229C5CC2000B27C8 /* PlayerNodeComponent.swift in Sources */,
				66C63BD42295ECE100CCEE3A /* WaterNode.swift in Sources */,
				66C63BB62294698300CCEE3A /* StateFalling.swift in Sources */,
				66C63BBA22946A0A00CCEE3A /* StateUnconscious.swift in Sources */,
				EAB872CD229C827E00A7FE9E /* AnimalNode.swift in Sources */,
				666BA975229C7DF0000B27C8 /* AnimationsTextures.swift in Sources */,
				EA2CE9052298779500084E25 /* ChoicesPhysicsBodyComponent.swift in Sources */,
				EAB872C9229C7D5300A7FE9E /* WindNodeComponent.swift in Sources */,
				EA5FE590229743040027D77F /* FloorPhysicsBodyComponent.swift in Sources */,
				84AC279B2297408500D3A6C2 /* InitialPositionNode.swift in Sources */,
				EA58B240229629A00099C146 /* PlatformPhysicsBodyComponent.swift in Sources */,
				66C63BC422948CEB00CCEE3A /* StatePaused.swift in Sources */,
				66C63BC222948C1000CCEE3A /* MachineScene.swift in Sources */,
				84AC276C2295BB0D00D3A6C2 /* FloorNode.swift in Sources */,
				8410A2F222946FD600F73DC0 /* IdleComponent.swift in Sources */,
				846A9331229C5DB400A31D1F /* BackgroundNode.swift in Sources */,
				84B0581D22943F2A00B7E9A0 /* Player.swift in Sources */,
				66C63BD22295EB6A00CCEE3A /* WaterNodeComponent.swift in Sources */,
				EA58B23C229626EF0099C146 /* WoodEntity.swift in Sources */,
				84B058172294377800B7E9A0 /* PlayerNode.swift in Sources */,
				66C63BAD2294656700CCEE3A /* MachinePlayer.swift in Sources */,
				8405E3CA229F7A8A00DB50A6 /* InvisibleChoiceComponent.swift in Sources */,
				EA8846AD229CC615003BF8F7 /* QuicksandNodeComponent.swift in Sources */,
				EAA7CCF622A04D22005DD0F7 /* MaracujaNodeComponent.swift in Sources */,
				84B058222294460500B7E9A0 /* ComponentsWithNodes.swift in Sources */,
				666BA973229C7C8D000B27C8 /* AnimationsStructs.swift in Sources */,
				66C63BBC22946F2100CCEE3A /* JumpingComponent.swift in Sources */,
				EAB872C3229C79C800A7FE9E /* WindNode.swift in Sources */,
				EA58B23E229629080099C146 /* PlatformEntity.swift in Sources */,
				8410A2F422947C7A00F73DC0 /* RunComponent.swift in Sources */,
				666BA977229C8185000B27C8 /* MaracujaEntity.swift in Sources */,
				84124730229F05A000052953 /* ChoiceButtonNode.swift in Sources */,
				EA8846C4229E0DA3003BF8F7 /* BalaoExclamacaoNodeComponent.swift in Sources */,
				66C63BCE2295E35900CCEE3A /* WoodPhysicsBodyComponent.swift in Sources */,
				84124734229F12E800052953 /* ChoicesControl.swift in Sources */,
				846A9333229C5FBC00A31D1F /* BackgroundEntity.swift in Sources */,
			);
			runOnlyForDeploymentPostprocessing = 0;
		};
/* End PBXSourcesBuildPhase section */

/* Begin PBXVariantGroup section */
		84D3713C2294309700922D4B /* Main.storyboard */ = {
			isa = PBXVariantGroup;
			children = (
				84D3713D2294309700922D4B /* Base */,
			);
			name = Main.storyboard;
			sourceTree = "<group>";
		};
		84D371412294309700922D4B /* LaunchScreen.storyboard */ = {
			isa = PBXVariantGroup;
			children = (
				84D371422294309700922D4B /* Base */,
			);
			name = LaunchScreen.storyboard;
			sourceTree = "<group>";
		};
/* End PBXVariantGroup section */

/* Begin XCBuildConfiguration section */
		84D371452294309700922D4B /* Debug */ = {
			isa = XCBuildConfiguration;
			buildSettings = {
				ALWAYS_SEARCH_USER_PATHS = NO;
				CLANG_ANALYZER_NONNULL = YES;
				CLANG_ANALYZER_NUMBER_OBJECT_CONVERSION = YES_AGGRESSIVE;
				CLANG_CXX_LANGUAGE_STANDARD = "gnu++14";
				CLANG_CXX_LIBRARY = "libc++";
				CLANG_ENABLE_MODULES = YES;
				CLANG_ENABLE_OBJC_ARC = YES;
				CLANG_ENABLE_OBJC_WEAK = YES;
				CLANG_WARN_BLOCK_CAPTURE_AUTORELEASING = YES;
				CLANG_WARN_BOOL_CONVERSION = YES;
				CLANG_WARN_COMMA = YES;
				CLANG_WARN_CONSTANT_CONVERSION = YES;
				CLANG_WARN_DEPRECATED_OBJC_IMPLEMENTATIONS = YES;
				CLANG_WARN_DIRECT_OBJC_ISA_USAGE = YES_ERROR;
				CLANG_WARN_DOCUMENTATION_COMMENTS = YES;
				CLANG_WARN_EMPTY_BODY = YES;
				CLANG_WARN_ENUM_CONVERSION = YES;
				CLANG_WARN_INFINITE_RECURSION = YES;
				CLANG_WARN_INT_CONVERSION = YES;
				CLANG_WARN_NON_LITERAL_NULL_CONVERSION = YES;
				CLANG_WARN_OBJC_IMPLICIT_RETAIN_SELF = YES;
				CLANG_WARN_OBJC_LITERAL_CONVERSION = YES;
				CLANG_WARN_OBJC_ROOT_CLASS = YES_ERROR;
				CLANG_WARN_RANGE_LOOP_ANALYSIS = YES;
				CLANG_WARN_STRICT_PROTOTYPES = YES;
				CLANG_WARN_SUSPICIOUS_MOVE = YES;
				CLANG_WARN_UNGUARDED_AVAILABILITY = YES_AGGRESSIVE;
				CLANG_WARN_UNREACHABLE_CODE = YES;
				CLANG_WARN__DUPLICATE_METHOD_MATCH = YES;
				CODE_SIGN_IDENTITY = "iPhone Developer";
				COPY_PHASE_STRIP = NO;
				DEBUG_INFORMATION_FORMAT = dwarf;
				ENABLE_STRICT_OBJC_MSGSEND = YES;
				ENABLE_TESTABILITY = YES;
				GCC_C_LANGUAGE_STANDARD = gnu11;
				GCC_DYNAMIC_NO_PIC = NO;
				GCC_NO_COMMON_BLOCKS = YES;
				GCC_OPTIMIZATION_LEVEL = 0;
				GCC_PREPROCESSOR_DEFINITIONS = (
					"DEBUG=1",
					"$(inherited)",
				);
				GCC_WARN_64_TO_32_BIT_CONVERSION = YES;
				GCC_WARN_ABOUT_RETURN_TYPE = YES_ERROR;
				GCC_WARN_UNDECLARED_SELECTOR = YES;
				GCC_WARN_UNINITIALIZED_AUTOS = YES_AGGRESSIVE;
				GCC_WARN_UNUSED_FUNCTION = YES;
				GCC_WARN_UNUSED_VARIABLE = YES;
				IPHONEOS_DEPLOYMENT_TARGET = 12.2;
				MTL_ENABLE_DEBUG_INFO = INCLUDE_SOURCE;
				MTL_FAST_MATH = YES;
				ONLY_ACTIVE_ARCH = YES;
				SDKROOT = iphoneos;
				SWIFT_ACTIVE_COMPILATION_CONDITIONS = DEBUG;
				SWIFT_OPTIMIZATION_LEVEL = "-Onone";
			};
			name = Debug;
		};
		84D371462294309700922D4B /* Release */ = {
			isa = XCBuildConfiguration;
			buildSettings = {
				ALWAYS_SEARCH_USER_PATHS = NO;
				CLANG_ANALYZER_NONNULL = YES;
				CLANG_ANALYZER_NUMBER_OBJECT_CONVERSION = YES_AGGRESSIVE;
				CLANG_CXX_LANGUAGE_STANDARD = "gnu++14";
				CLANG_CXX_LIBRARY = "libc++";
				CLANG_ENABLE_MODULES = YES;
				CLANG_ENABLE_OBJC_ARC = YES;
				CLANG_ENABLE_OBJC_WEAK = YES;
				CLANG_WARN_BLOCK_CAPTURE_AUTORELEASING = YES;
				CLANG_WARN_BOOL_CONVERSION = YES;
				CLANG_WARN_COMMA = YES;
				CLANG_WARN_CONSTANT_CONVERSION = YES;
				CLANG_WARN_DEPRECATED_OBJC_IMPLEMENTATIONS = YES;
				CLANG_WARN_DIRECT_OBJC_ISA_USAGE = YES_ERROR;
				CLANG_WARN_DOCUMENTATION_COMMENTS = YES;
				CLANG_WARN_EMPTY_BODY = YES;
				CLANG_WARN_ENUM_CONVERSION = YES;
				CLANG_WARN_INFINITE_RECURSION = YES;
				CLANG_WARN_INT_CONVERSION = YES;
				CLANG_WARN_NON_LITERAL_NULL_CONVERSION = YES;
				CLANG_WARN_OBJC_IMPLICIT_RETAIN_SELF = YES;
				CLANG_WARN_OBJC_LITERAL_CONVERSION = YES;
				CLANG_WARN_OBJC_ROOT_CLASS = YES_ERROR;
				CLANG_WARN_RANGE_LOOP_ANALYSIS = YES;
				CLANG_WARN_STRICT_PROTOTYPES = YES;
				CLANG_WARN_SUSPICIOUS_MOVE = YES;
				CLANG_WARN_UNGUARDED_AVAILABILITY = YES_AGGRESSIVE;
				CLANG_WARN_UNREACHABLE_CODE = YES;
				CLANG_WARN__DUPLICATE_METHOD_MATCH = YES;
				CODE_SIGN_IDENTITY = "iPhone Developer";
				COPY_PHASE_STRIP = NO;
				DEBUG_INFORMATION_FORMAT = "dwarf-with-dsym";
				ENABLE_NS_ASSERTIONS = NO;
				ENABLE_STRICT_OBJC_MSGSEND = YES;
				GCC_C_LANGUAGE_STANDARD = gnu11;
				GCC_NO_COMMON_BLOCKS = YES;
				GCC_WARN_64_TO_32_BIT_CONVERSION = YES;
				GCC_WARN_ABOUT_RETURN_TYPE = YES_ERROR;
				GCC_WARN_UNDECLARED_SELECTOR = YES;
				GCC_WARN_UNINITIALIZED_AUTOS = YES_AGGRESSIVE;
				GCC_WARN_UNUSED_FUNCTION = YES;
				GCC_WARN_UNUSED_VARIABLE = YES;
				IPHONEOS_DEPLOYMENT_TARGET = 12.2;
				MTL_ENABLE_DEBUG_INFO = NO;
				MTL_FAST_MATH = YES;
				SDKROOT = iphoneos;
				SWIFT_COMPILATION_MODE = wholemodule;
				SWIFT_OPTIMIZATION_LEVEL = "-O";
				VALIDATE_PRODUCT = YES;
			};
			name = Release;
		};
		84D371482294309700922D4B /* Debug */ = {
			isa = XCBuildConfiguration;
			buildSettings = {
				ASSETCATALOG_COMPILER_APPICON_NAME = AppIcon;
				CODE_SIGN_STYLE = Automatic;
				DEVELOPMENT_TEAM = 6HDRUANT3K;
				INFOPLIST_FILE = Carbunculo/Info.plist;
				LD_RUNPATH_SEARCH_PATHS = (
					"$(inherited)",
					"@executable_path/Frameworks",
				);
				PRODUCT_BUNDLE_IDENTIFIER = com.carbunculoTeam.Carbunculo;
				PRODUCT_NAME = "$(TARGET_NAME)";
				SWIFT_VERSION = 5.0;
				TARGETED_DEVICE_FAMILY = 1;
			};
			name = Debug;
		};
		84D371492294309700922D4B /* Release */ = {
			isa = XCBuildConfiguration;
			buildSettings = {
				ASSETCATALOG_COMPILER_APPICON_NAME = AppIcon;
				CODE_SIGN_STYLE = Automatic;
				DEVELOPMENT_TEAM = 6HDRUANT3K;
				INFOPLIST_FILE = Carbunculo/Info.plist;
				LD_RUNPATH_SEARCH_PATHS = (
					"$(inherited)",
					"@executable_path/Frameworks",
				);
				PRODUCT_BUNDLE_IDENTIFIER = com.carbunculoTeam.Carbunculo;
				PRODUCT_NAME = "$(TARGET_NAME)";
				SWIFT_VERSION = 5.0;
				TARGETED_DEVICE_FAMILY = 1;
			};
			name = Release;
		};
/* End XCBuildConfiguration section */

/* Begin XCConfigurationList section */
		84D3712A2294309700922D4B /* Build configuration list for PBXProject "Carbunculo" */ = {
			isa = XCConfigurationList;
			buildConfigurations = (
				84D371452294309700922D4B /* Debug */,
				84D371462294309700922D4B /* Release */,
			);
			defaultConfigurationIsVisible = 0;
			defaultConfigurationName = Release;
		};
		84D371472294309700922D4B /* Build configuration list for PBXNativeTarget "Carbunculo" */ = {
			isa = XCConfigurationList;
			buildConfigurations = (
				84D371482294309700922D4B /* Debug */,
				84D371492294309700922D4B /* Release */,
			);
			defaultConfigurationIsVisible = 0;
			defaultConfigurationName = Release;
		};
/* End XCConfigurationList section */
	};
	rootObject = 84D371272294309700922D4B /* Project object */;
}
